
Microsoft Visual Studio Solution File, Format Version 12.00
# Visual Studio Version 16
VisualStudioVersion = 16.0.31624.102
MinimumVisualStudioVersion = 10.0.40219.1
Project("{9092AA53-FB77-4645-B42D-1CCCA6BD08BD}") = "bebe", "bebe.njsproj", "{56052547-BCD5-4EC5-9945-2E609DDA686E}"
EndProject
Global
	GlobalSection(SolutionConfigurationPlatforms) = preSolution
		Debug|Any CPU = Debug|Any CPU
		Release|Any CPU = Release|Any CPU
	EndGlobalSection
	GlobalSection(ProjectConfigurationPlatforms) = postSolution
		{56052547-BCD5-4EC5-9945-2E609DDA686E}.Debug|Any CPU.ActiveCfg = Debug|Any CPU
		{56052547-BCD5-4EC5-9945-2E609DDA686E}.Debug|Any CPU.Build.0 = Debug|Any CPU
		{56052547-BCD5-4EC5-9945-2E609DDA686E}.Release|Any CPU.ActiveCfg = Release|Any CPU
		{56052547-BCD5-4EC5-9945-2E609DDA686E}.Release|Any CPU.Build.0 = Release|Any CPU
	EndGlobalSection
	GlobalSection(SolutionProperties) = preSolution
		HideSolutionNode = FALSE
	EndGlobalSection
	GlobalSection(ExtensibilityGlobals) = postSolution
		SolutionGuid = {813EAFAF-8EB0-4849-A043-F8AB437DFAE6}
	EndGlobalSection
EndGlobal
